
Microsoft Visual Studio Solution File, Format Version 12.00
# Visual Studio Version 17
VisualStudioVersion = 17.10.35027.167
MinimumVisualStudioVersion = 10.0.40219.1
Project("{FAE04EC0-301F-11D3-BF4B-00C04F79EFBC}") = "tcpserver", "tcpserver\tcpserver.csproj", "{E98301B5-76C5-46E3-BBF9-2E7D4A4A7C06}"
EndProject
Project("{FAE04EC0-301F-11D3-BF4B-00C04F79EFBC}") = "tcpclient", "tcpclient\tcpclient.csproj", "{D2BC570B-2BB8-4EE7-AF34-5A49A88CC274}"
EndProject
Global
	GlobalSection(SolutionConfigurationPlatforms) = preSolution
		Debug|Any CPU = Debug|Any CPU
		Release|Any CPU = Release|Any CPU
	EndGlobalSection
	GlobalSection(ProjectConfigurationPlatforms) = postSolution
		{E98301B5-76C5-46E3-BBF9-2E7D4A4A7C06}.Debug|Any CPU.ActiveCfg = Debug|Any CPU
		{E98301B5-76C5-46E3-BBF9-2E7D4A4A7C06}.Debug|Any CPU.Build.0 = Debug|Any CPU
		{E98301B5-76C5-46E3-BBF9-2E7D4A4A7C06}.Release|Any CPU.ActiveCfg = Release|Any CPU
		{E98301B5-76C5-46E3-BBF9-2E7D4A4A7C06}.Release|Any CPU.Build.0 = Release|Any CPU
		{D2BC570B-2BB8-4EE7-AF34-5A49A88CC274}.Debug|Any CPU.ActiveCfg = Debug|Any CPU
		{D2BC570B-2BB8-4EE7-AF34-5A49A88CC274}.Debug|Any CPU.Build.0 = Debug|Any CPU
		{D2BC570B-2BB8-4EE7-AF34-5A49A88CC274}.Release|Any CPU.ActiveCfg = Release|Any CPU
		{D2BC570B-2BB8-4EE7-AF34-5A49A88CC274}.Release|Any CPU.Build.0 = Release|Any CPU
	EndGlobalSection
	GlobalSection(SolutionProperties) = preSolution
		HideSolutionNode = FALSE
	EndGlobalSection
	GlobalSection(ExtensibilityGlobals) = postSolution
		SolutionGuid = {24AE63ED-D26A-4564-8106-7FAF2A9798AE}
	EndGlobalSection
EndGlobal
